
Microsoft Visual Studio Solution File, Format Version 12.00
# Visual Studio Version 16
VisualStudioVersion = 16.0.30907.101
MinimumVisualStudioVersion = 10.0.40219.1
Project("{FAE04EC0-301F-11D3-BF4B-00C04F79EFBC}") = "MovieStudio", "MovieStudio\MovieStudio.csproj", "{960D248B-10CF-40A4-89A3-402D6014C425}"
EndProject
Global
	GlobalSection(SolutionConfigurationPlatforms) = preSolution
		Debug|Any CPU = Debug|Any CPU
		Release|Any CPU = Release|Any CPU
	EndGlobalSection
	GlobalSection(ProjectConfigurationPlatforms) = postSolution
		{960D248B-10CF-40A4-89A3-402D6014C425}.Debug|Any CPU.ActiveCfg = Debug|Any CPU
		{960D248B-10CF-40A4-89A3-402D6014C425}.Debug|Any CPU.Build.0 = Debug|Any CPU
		{960D248B-10CF-40A4-89A3-402D6014C425}.Release|Any CPU.ActiveCfg = Release|Any CPU
		{960D248B-10CF-40A4-89A3-402D6014C425}.Release|Any CPU.Build.0 = Release|Any CPU
	EndGlobalSection
	GlobalSection(SolutionProperties) = preSolution
		HideSolutionNode = FALSE
	EndGlobalSection
	GlobalSection(ExtensibilityGlobals) = postSolution
		SolutionGuid = {7136D54A-832C-4CB1-9A7B-223DE71AD6A9}
	EndGlobalSection
EndGlobal
